
Microsoft Visual Studio Solution File, Format Version 12.00
# Visual Studio Version 17
VisualStudioVersion = 17.14.36804.6 d17.14
MinimumVisualStudioVersion = 10.0.40219.1
Project("{FAE04EC0-301F-11D3-BF4B-00C04F79EFBC}") = "SporSalonu", "SporSalonu.csproj", "{E38D82C7-A9E1-4E3D-A72F-D472D1ECDCBE}"
EndProject
Global
	GlobalSection(SolutionConfigurationPlatforms) = preSolution
		Debug|Any CPU = Debug|Any CPU
		Release|Any CPU = Release|Any CPU
	EndGlobalSection
	GlobalSection(ProjectConfigurationPlatforms) = postSolution
		{E38D82C7-A9E1-4E3D-A72F-D472D1ECDCBE}.Debug|Any CPU.ActiveCfg = Debug|Any CPU
		{E38D82C7-A9E1-4E3D-A72F-D472D1ECDCBE}.Debug|Any CPU.Build.0 = Debug|Any CPU
		{E38D82C7-A9E1-4E3D-A72F-D472D1ECDCBE}.Release|Any CPU.ActiveCfg = Release|Any CPU
		{E38D82C7-A9E1-4E3D-A72F-D472D1ECDCBE}.Release|Any CPU.Build.0 = Release|Any CPU
	EndGlobalSection
	GlobalSection(SolutionProperties) = preSolution
		HideSolutionNode = FALSE
	EndGlobalSection
	GlobalSection(ExtensibilityGlobals) = postSolution
		SolutionGuid = {A9995708-0882-4706-BFEB-55435C31B922}
	EndGlobalSection
EndGlobal
